// !$*UTF8*$!
{
	archiveVersion = 1;
	classes = {
	};
	objectVersion = 70;
	objects = {

/* Begin PBXBuildFile section */
		00000001 /* GenieAIApp.swift in Sources */ = {isa = PBXBuildFile; fileRef = 10000001 /* GenieAIApp.swift */; };
		00000002 /* ContentView.swift in Sources */ = {isa = PBXBuildFile; fileRef = 10000002 /* ContentView.swift */; };
		00000003 /* Assets.xcassets in Resources */ = {isa = PBXBuildFile; fileRef = 10000003 /* Assets.xcassets */; };
		00000004 /* genie-ai-config.json in Resources */ = {isa = PBXBuildFile; fileRef = 10000004 /* genie-ai-config.json */; };
		A0B1C2D3E4F5A6B7C8D9E0F2 /* AppLocaleService.swift in Sources */ = {isa = PBXBuildFile; fileRef = A0B1C2D3E4F5A6B7C8D9E0F1 /* AppLocaleService.swift */; };
		A0B1C2D3E4F5A6B7C8D9E0F4 /* Localizable.xcstrings in Resources */ = {isa = PBXBuildFile; fileRef = A0B1C2D3E4F5A6B7C8D9E0F3 /* Localizable.xcstrings */; };
		D097195D2F34B2E600E0EE08 /* Conversation.swift in Sources */ = {isa = PBXBuildFile; fileRef = D09719572F34B2E600E0EE08 /* Conversation.swift */; };
		D097195E2F34B2E600E0EE08 /* Folder.swift in Sources */ = {isa = PBXBuildFile; fileRef = D09719582F34B2E600E0EE08 /* Folder.swift */; };
		D097195F2F34B2E600E0EE08 /* Message.swift in Sources */ = {isa = PBXBuildFile; fileRef = D09719592F34B2E600E0EE08 /* Message.swift */; };
		D09719602F34B2E600E0EE08 /* QuickHelpButton.swift in Sources */ = {isa = PBXBuildFile; fileRef = D097195A2F34B2E600E0EE08 /* QuickHelpButton.swift */; };
		D09719612F34B2E600E0EE08 /* User.swift in Sources */ = {isa = PBXBuildFile; fileRef = D097195C2F34B2E600E0EE08 /* User.swift */; };
		D09719622F34B2E600E0EE08 /* ServiceCategory.swift in Sources */ = {isa = PBXBuildFile; fileRef = D097195B2F34B2E600E0EE08 /* ServiceCategory.swift */; };
		D097196D2F34B30300E0EE08 /* ThemeManager.swift in Sources */ = {isa = PBXBuildFile; fileRef = D097196B2F34B30300E0EE08 /* ThemeManager.swift */; };
		D097196E2F34B30300E0EE08 /* ServiceTreeService.swift in Sources */ = {isa = PBXBuildFile; fileRef = D097196A2F34B30300E0EE08 /* ServiceTreeService.swift */; };
		D097196F2F34B30300E0EE08 /* APIService.swift in Sources */ = {isa = PBXBuildFile; fileRef = D09719632F34B30300E0EE08 /* APIService.swift */; };
		D09719702F34B30300E0EE08 /* AuthService.swift in Sources */ = {isa = PBXBuildFile; fileRef = D09719642F34B30300E0EE08 /* AuthService.swift */; };
		D09719712F34B30300E0EE08 /* UserService.swift in Sources */ = {isa = PBXBuildFile; fileRef = D097196C2F34B30300E0EE08 /* UserService.swift */; };
		D09719722F34B30300E0EE08 /* ConnectivityService.swift in Sources */ = {isa = PBXBuildFile; fileRef = D09719682F34B30300E0EE08 /* ConnectivityService.swift */; };
		D09719732F34B30300E0EE08 /* ConfigService.swift in Sources */ = {isa = PBXBuildFile; fileRef = D09719672F34B30300E0EE08 /* ConfigService.swift */; };
		D09719742F34B30300E0EE08 /* ChatService.swift in Sources */ = {isa = PBXBuildFile; fileRef = D09719662F34B30300E0EE08 /* ChatService.swift */; };
		D09719752F34B30300E0EE08 /* ChatHistoryService.swift in Sources */ = {isa = PBXBuildFile; fileRef = D09719652F34B30300E0EE08 /* ChatHistoryService.swift */; };
		D09719C02F34B35E00E0EE08 /* Color+Hex.swift in Sources */ = {isa = PBXBuildFile; fileRef = D09719BD2F34B35E00E0EE08 /* Color+Hex.swift */; };
		D09719C12F34B35E00E0EE08 /* String+SHA256.swift in Sources */ = {isa = PBXBuildFile; fileRef = D09719BE2F34B35E00E0EE08 /* String+SHA256.swift */; };
		D09719C22F34B35E00E0EE08 /* View+Conditional.swift in Sources */ = {isa = PBXBuildFile; fileRef = D09719BF2F34B35E00E0EE08 /* View+Conditional.swift */; };
		D09719D02F34B40000E0EE08 /* PasswordValidator.swift in Sources */ = {isa = PBXBuildFile; fileRef = D09719CF2F34B40000E0EE08 /* PasswordValidator.swift */; };
		D09719D22F34B40000E0EE08 /* JSONDecoder+FlexibleDate.swift in Sources */ = {isa = PBXBuildFile; fileRef = D09719D12F34B40000E0EE08 /* JSONDecoder+FlexibleDate.swift */; };
		D097GLASS2F34B35E00E0EE09 /* View+GlassStyle.swift in Sources */ = {isa = PBXBuildFile; fileRef = D097GLASS2F34B35E00E0EE08 /* View+GlassStyle.swift */; };
		F0A1B2C3D4E5F6A7B8C9D0E1 /* FAQ.md in Resources */ = {isa = PBXBuildFile; fileRef = F0A1B2C3D4E5F6A7B8C9D0E2 /* FAQ.md */; };
/* End PBXBuildFile section */

/* Begin PBXFileReference section */
		10000001 /* GenieAIApp.swift */ = {isa = PBXFileReference; lastKnownFileType = sourcecode.swift; path = GenieAIApp.swift; sourceTree = "<group>"; };
		10000002 /* ContentView.swift */ = {isa = PBXFileReference; lastKnownFileType = sourcecode.swift; path = ContentView.swift; sourceTree = "<group>"; };
		10000003 /* Assets.xcassets */ = {isa = PBXFileReference; lastKnownFileType = folder.assetcatalog; path = Assets.xcassets; sourceTree = "<group>"; };
		10000004 /* genie-ai-config.json */ = {isa = PBXFileReference; lastKnownFileType = text.json; path = "genie-ai-config.json"; sourceTree = "<group>"; };
		20000001 /* GenieAI.app */ = {isa = PBXFileReference; explicitFileType = wrapper.application; includeInIndex = 0; path = GenieAI.app; sourceTree = BUILT_PRODUCTS_DIR; };
		A0B1C2D3E4F5A6B7C8D9E0F1 /* AppLocaleService.swift */ = {isa = PBXFileReference; lastKnownFileType = sourcecode.swift; path = AppLocaleService.swift; sourceTree = "<group>"; };
		A0B1C2D3E4F5A6B7C8D9E0F3 /* Localizable.xcstrings */ = {isa = PBXFileReference; lastKnownFileType = text.json.xcstrings; path = Localizable.xcstrings; sourceTree = "<group>"; };
		D09719572F34B2E600E0EE08 /* Conversation.swift */ = {isa = PBXFileReference; lastKnownFileType = sourcecode.swift; path = Conversation.swift; sourceTree = "<group>"; };
		D09719582F34B2E600E0EE08 /* Folder.swift */ = {isa = PBXFileReference; lastKnownFileType = sourcecode.swift; path = Folder.swift; sourceTree = "<group>"; };
		D09719592F34B2E600E0EE08 /* Message.swift */ = {isa = PBXFileReference; lastKnownFileType = sourcecode.swift; path = Message.swift; sourceTree = "<group>"; };
		D097195A2F34B2E600E0EE08 /* QuickHelpButton.swift */ = {isa = PBXFileReference; lastKnownFileType = sourcecode.swift; path = QuickHelpButton.swift; sourceTree = "<group>"; };
		D097195B2F34B2E600E0EE08 /* ServiceCategory.swift */ = {isa = PBXFileReference; lastKnownFileType = sourcecode.swift; path = ServiceCategory.swift; sourceTree = "<group>"; };
		D097195C2F34B2E600E0EE08 /* User.swift */ = {isa = PBXFileReference; lastKnownFileType = sourcecode.swift; path = User.swift; sourceTree = "<group>"; };
		D09719632F34B30300E0EE08 /* APIService.swift */ = {isa = PBXFileReference; lastKnownFileType = sourcecode.swift; path = APIService.swift; sourceTree = "<group>"; };
		D09719642F34B30300E0EE08 /* AuthService.swift */ = {isa = PBXFileReference; lastKnownFileType = sourcecode.swift; path = AuthService.swift; sourceTree = "<group>"; };
		D09719652F34B30300E0EE08 /* ChatHistoryService.swift */ = {isa = PBXFileReference; lastKnownFileType = sourcecode.swift; path = ChatHistoryService.swift; sourceTree = "<group>"; };
		D09719662F34B30300E0EE08 /* ChatService.swift */ = {isa = PBXFileReference; lastKnownFileType = sourcecode.swift; path = ChatService.swift; sourceTree = "<group>"; };
		D09719672F34B30300E0EE08 /* ConfigService.swift */ = {isa = PBXFileReference; lastKnownFileType = sourcecode.swift; path = ConfigService.swift; sourceTree = "<group>"; };
		D09719682F34B30300E0EE08 /* ConnectivityService.swift */ = {isa = PBXFileReference; lastKnownFileType = sourcecode.swift; path = ConnectivityService.swift; sourceTree = "<group>"; };
		D097196A2F34B30300E0EE08 /* ServiceTreeService.swift */ = {isa = PBXFileReference; lastKnownFileType = sourcecode.swift; path = ServiceTreeService.swift; sourceTree = "<group>"; };
		D097196B2F34B30300E0EE08 /* ThemeManager.swift */ = {isa = PBXFileReference; lastKnownFileType = sourcecode.swift; path = ThemeManager.swift; sourceTree = "<group>"; };
		D097196C2F34B30300E0EE08 /* UserService.swift */ = {isa = PBXFileReference; lastKnownFileType = sourcecode.swift; path = UserService.swift; sourceTree = "<group>"; };
		D09719BD2F34B35E00E0EE08 /* Color+Hex.swift */ = {isa = PBXFileReference; lastKnownFileType = sourcecode.swift; path = "Color+Hex.swift"; sourceTree = "<group>"; };
		D09719BE2F34B35E00E0EE08 /* String+SHA256.swift */ = {isa = PBXFileReference; lastKnownFileType = sourcecode.swift; path = "String+SHA256.swift"; sourceTree = "<group>"; };
		D09719BF2F34B35E00E0EE08 /* View+Conditional.swift */ = {isa = PBXFileReference; lastKnownFileType = sourcecode.swift; path = "View+Conditional.swift"; sourceTree = "<group>"; };
		D09719CF2F34B40000E0EE08 /* PasswordValidator.swift */ = {isa = PBXFileReference; lastKnownFileType = sourcecode.swift; path = PasswordValidator.swift; sourceTree = "<group>"; };
		D09719D12F34B40000E0EE08 /* JSONDecoder+FlexibleDate.swift */ = {isa = PBXFileReference; lastKnownFileType = sourcecode.swift; path = "JSONDecoder+FlexibleDate.swift"; sourceTree = "<group>"; };
		D097GLASS2F34B35E00E0EE08 /* View+GlassStyle.swift */ = {isa = PBXFileReference; lastKnownFileType = sourcecode.swift; path = "View+GlassStyle.swift"; sourceTree = "<group>"; };
		F0A1B2C3D4E5F6A7B8C9D0E2 /* FAQ.md */ = {isa = PBXFileReference; lastKnownFileType = net.daringfireball.markdown; path = FAQ.md; sourceTree = "<group>"; };
/* End PBXFileReference section */

/* Begin PBXFileSystemSynchronizedRootGroup section */
		D097197C2F34B31600E0EE08 /* Auth */ = {isa = PBXFileSystemSynchronizedRootGroup; explicitFileTypes = {}; explicitFolders = (); path = Auth; sourceTree = "<group>"; };
		D09719822F34B31600E0EE08 /* Chat */ = {isa = PBXFileSystemSynchronizedRootGroup; explicitFileTypes = {}; explicitFolders = (); path = Chat; sourceTree = "<group>"; };
		D09719842F34B31600E0EE08 /* Profile */ = {isa = PBXFileSystemSynchronizedRootGroup; explicitFileTypes = {}; explicitFolders = (); path = Profile; sourceTree = "<group>"; };
		D09719872F34B31600E0EE08 /* Settings */ = {isa = PBXFileSystemSynchronizedRootGroup; explicitFileTypes = {}; explicitFolders = (); path = Settings; sourceTree = "<group>"; };
		D097198C2F34B31600E0EE08 /* Shared */ = {isa = PBXFileSystemSynchronizedRootGroup; explicitFileTypes = {}; explicitFolders = (); path = Shared; sourceTree = "<group>"; };
		D09719912F34B31600E0EE08 /* Sidebar */ = {isa = PBXFileSystemSynchronizedRootGroup; explicitFileTypes = {}; explicitFolders = (); path = Sidebar; sourceTree = "<group>"; };
/* End PBXFileSystemSynchronizedRootGroup section */

/* Begin PBXFrameworksBuildPhase section */
		30000001 /* Frameworks */ = {
			isa = PBXFrameworksBuildPhase;
			buildActionMask = 2147483647;
			files = (
			);
			runOnlyForDeploymentPostprocessing = 0;
		};
/* End PBXFrameworksBuildPhase section */

/* Begin PBXGroup section */
		40000001 = {
			isa = PBXGroup;
			children = (
				40000002 /* GenieAI */,
				40000003 /* Products */,
			);
			sourceTree = "<group>";
		};
		40000002 /* GenieAI */ = {
			isa = PBXGroup;
			children = (
				10000001 /* GenieAIApp.swift */,
				10000002 /* ContentView.swift */,
				40000004 /* Models */,
				40000005 /* Services */,
				40000006 /* Views */,
				A0B1C2D3E4F5A6B7C8D9E0F3 /* Localizable.xcstrings */,
				40000008 /* Extensions */,
				40000009 /* Resources */,
			);
			path = GenieAI;
			sourceTree = "<group>";
		};
		40000003 /* Products */ = {
			isa = PBXGroup;
			children = (
				20000001 /* GenieAI.app */,
			);
			name = Products;
			sourceTree = "<group>";
		};
		40000004 /* Models */ = {
			isa = PBXGroup;
			children = (
				D09719572F34B2E600E0EE08 /* Conversation.swift */,
				D09719582F34B2E600E0EE08 /* Folder.swift */,
				D09719592F34B2E600E0EE08 /* Message.swift */,
				D097195A2F34B2E600E0EE08 /* QuickHelpButton.swift */,
				D097195B2F34B2E600E0EE08 /* ServiceCategory.swift */,
				D097195C2F34B2E600E0EE08 /* User.swift */,
			);
			path = Models;
			sourceTree = "<group>";
		};
		40000005 /* Services */ = {
			isa = PBXGroup;
			children = (
				D09719632F34B30300E0EE08 /* APIService.swift */,
				D09719642F34B30300E0EE08 /* AuthService.swift */,
				D09719652F34B30300E0EE08 /* ChatHistoryService.swift */,
				D09719662F34B30300E0EE08 /* ChatService.swift */,
				D09719672F34B30300E0EE08 /* ConfigService.swift */,
				D09719682F34B30300E0EE08 /* ConnectivityService.swift */,
				A0B1C2D3E4F5A6B7C8D9E0F1 /* AppLocaleService.swift */,
				D097196A2F34B30300E0EE08 /* ServiceTreeService.swift */,
				D097196B2F34B30300E0EE08 /* ThemeManager.swift */,
				D097196C2F34B30300E0EE08 /* UserService.swift */,
				D09719CF2F34B40000E0EE08 /* PasswordValidator.swift */,
			);
			path = Services;
			sourceTree = "<group>";
		};
		40000006 /* Views */ = {
			isa = PBXGroup;
			children = (
				D097197C2F34B31600E0EE08 /* Auth */,
				D09719822F34B31600E0EE08 /* Chat */,
				D09719842F34B31600E0EE08 /* Profile */,
				D09719872F34B31600E0EE08 /* Settings */,
				D097198C2F34B31600E0EE08 /* Shared */,
				D09719912F34B31600E0EE08 /* Sidebar */,
			);
			path = Views;
			sourceTree = "<group>";
		};
		40000008 /* Extensions */ = {
			isa = PBXGroup;
			children = (
				D09719BD2F34B35E00E0EE08 /* Color+Hex.swift */,
				D09719D12F34B40000E0EE08 /* JSONDecoder+FlexibleDate.swift */,
				D09719BE2F34B35E00E0EE08 /* String+SHA256.swift */,
				D09719BF2F34B35E00E0EE08 /* View+Conditional.swift */,
				D097GLASS2F34B35E00E0EE08 /* View+GlassStyle.swift */,
			);
			path = Extensions;
			sourceTree = "<group>";
		};
		40000009 /* Resources */ = {
			isa = PBXGroup;
			children = (
				10000003 /* Assets.xcassets */,
				10000004 /* genie-ai-config.json */,
				F0A1B2C3D4E5F6A7B8C9D0E2 /* FAQ.md */,
			);
			path = Resources;
			sourceTree = "<group>";
		};
/* End PBXGroup section */

/* Begin PBXNativeTarget section */
		50000001 /* GenieAI */ = {
			isa = PBXNativeTarget;
			buildConfigurationList = 60000001 /* Build configuration list for PBXNativeTarget "GenieAI" */;
			buildPhases = (
				50000002 /* Sources */,
				30000001 /* Frameworks */,
				50000003 /* Resources */,
			);
			buildRules = (
			);
			dependencies = (
			);
			fileSystemSynchronizedGroups = (
				D097197C2F34B31600E0EE08 /* Auth */,
				D09719822F34B31600E0EE08 /* Chat */,
				D09719842F34B31600E0EE08 /* Profile */,
				D09719872F34B31600E0EE08 /* Settings */,
				D097198C2F34B31600E0EE08 /* Shared */,
				D09719912F34B31600E0EE08 /* Sidebar */,
			);
			name = GenieAI;
			productName = GenieAI;
			productReference = 20000001 /* GenieAI.app */;
			productType = "com.apple.product-type.application";
		};
/* End PBXNativeTarget section */

/* Begin PBXProject section */
		70000001 /* Project object */ = {
			isa = PBXProject;
			attributes = {
				BuildIndependentTargetsInParallel = 1;
				LastSwiftUpdateCheck = 1500;
				LastUpgradeCheck = 2630;
				TargetAttributes = {
					50000001 = {
						CreatedOnToolsVersion = 15.0;
					};
				};
			};
			buildConfigurationList = 60000002 /* Build configuration list for PBXProject "GenieAI" */;
			compatibilityVersion = "Xcode 14.0";
			developmentRegion = en;
			hasScannedForEncodings = 0;
			knownRegions = (
				en,
				Base,
				ar,
				de,
				es,
				fr,
				id,
				sw,
				pt,
				zh,
				ru,
				th,
			);
			mainGroup = 40000001;
			productRefGroup = 40000003 /* Products */;
			projectDirPath = "";
			projectRoot = "";
			targets = (
				50000001 /* GenieAI */,
			);
		};
/* End PBXProject section */

/* Begin PBXResourcesBuildPhase section */
		50000003 /* Resources */ = {
			isa = PBXResourcesBuildPhase;
			buildActionMask = 2147483647;
			files = (
				00000003 /* Assets.xcassets in Resources */,
				00000004 /* genie-ai-config.json in Resources */,
				A0B1C2D3E4F5A6B7C8D9E0F4 /* Localizable.xcstrings in Resources */,
				F0A1B2C3D4E5F6A7B8C9D0E1 /* FAQ.md in Resources */,
			);
			runOnlyForDeploymentPostprocessing = 0;
		};
/* End PBXResourcesBuildPhase section */

/* Begin PBXSourcesBuildPhase section */
		50000002 /* Sources */ = {
			isa = PBXSourcesBuildPhase;
			buildActionMask = 2147483647;
			files = (
				00000001 /* GenieAIApp.swift in Sources */,
				00000002 /* ContentView.swift in Sources */,
				D097196D2F34B30300E0EE08 /* ThemeManager.swift in Sources */,
				D097196E2F34B30300E0EE08 /* ServiceTreeService.swift in Sources */,
				D097196F2F34B30300E0EE08 /* APIService.swift in Sources */,
				D09719702F34B30300E0EE08 /* AuthService.swift in Sources */,
				D09719712F34B30300E0EE08 /* UserService.swift in Sources */,
				D09719722F34B30300E0EE08 /* ConnectivityService.swift in Sources */,
				D09719732F34B30300E0EE08 /* ConfigService.swift in Sources */,
				D09719742F34B30300E0EE08 /* ChatService.swift in Sources */,
				D09719C02F34B35E00E0EE08 /* Color+Hex.swift in Sources */,
				D09719C12F34B35E00E0EE08 /* String+SHA256.swift in Sources */,
				D09719C22F34B35E00E0EE08 /* View+Conditional.swift in Sources */,
				D097GLASS2F34B35E00E0EE09 /* View+GlassStyle.swift in Sources */,
				D09719752F34B30300E0EE08 /* ChatHistoryService.swift in Sources */,
				A0B1C2D3E4F5A6B7C8D9E0F2 /* AppLocaleService.swift in Sources */,
				D097195D2F34B2E600E0EE08 /* Conversation.swift in Sources */,
				D097195E2F34B2E600E0EE08 /* Folder.swift in Sources */,
				D097195F2F34B2E600E0EE08 /* Message.swift in Sources */,
				D09719602F34B2E600E0EE08 /* QuickHelpButton.swift in Sources */,
				D09719612F34B2E600E0EE08 /* User.swift in Sources */,
				D09719622F34B2E600E0EE08 /* ServiceCategory.swift in Sources */,
				D09719D02F34B40000E0EE08 /* PasswordValidator.swift in Sources */,
				D09719D22F34B40000E0EE08 /* JSONDecoder+FlexibleDate.swift in Sources */,
			);
			runOnlyForDeploymentPostprocessing = 0;
		};
/* End PBXSourcesBuildPhase section */

/* Begin XCBuildConfiguration section */
		80000001 /* Debug */ = {
			isa = XCBuildConfiguration;
			buildSettings = {
				ALWAYS_SEARCH_USER_PATHS = NO;
				ASSETCATALOG_COMPILER_GENERATE_SWIFT_ASSET_SYMBOL_EXTENSIONS = YES;
				CLANG_ANALYZER_NONNULL = YES;
				CLANG_ANALYZER_NUMBER_OBJECT_CONVERSION = YES_AGGRESSIVE;
				CLANG_CXX_LANGUAGE_STANDARD = "gnu++20";
				CLANG_ENABLE_MODULES = YES;
				CLANG_ENABLE_OBJC_ARC = YES;
				CLANG_ENABLE_OBJC_WEAK = YES;
				CLANG_WARN_BLOCK_CAPTURE_AUTORELEASING = YES;
				CLANG_WARN_BOOL_CONVERSION = YES;
				CLANG_WARN_COMMA = YES;
				CLANG_WARN_CONSTANT_CONVERSION = YES;
				CLANG_WARN_DEPRECATED_OBJC_IMPLEMENTATIONS = YES;
				CLANG_WARN_DIRECT_OBJC_ISA_USAGE = YES_ERROR;
				CLANG_WARN_DOCUMENTATION_COMMENTS = YES;
				CLANG_WARN_EMPTY_BODY = YES;
				CLANG_WARN_ENUM_CONVERSION = YES;
				CLANG_WARN_INFINITE_RECURSION = YES;
				CLANG_WARN_INT_CONVERSION = YES;
				CLANG_WARN_NON_LITERAL_NULL_CONVERSION = YES;
				CLANG_WARN_OBJC_IMPLICIT_RETAIN_SELF = YES;
				CLANG_WARN_OBJC_LITERAL_CONVERSION = YES;
				CLANG_WARN_OBJC_ROOT_CLASS = YES_ERROR;
				CLANG_WARN_QUOTED_INCLUDE_IN_FRAMEWORK_HEADER = YES;
				CLANG_WARN_RANGE_LOOP_ANALYSIS = YES;
				CLANG_WARN_STRICT_PROTOTYPES = YES;
				CLANG_WARN_SUSPICIOUS_MOVE = YES;
				CLANG_WARN_UNGUARDED_AVAILABILITY = YES_AGGRESSIVE;
				CLANG_WARN_UNREACHABLE_CODE = YES;
				CLANG_WARN__DUPLICATE_METHOD_MATCH = YES;
				COPY_PHASE_STRIP = NO;
				DEBUG_INFORMATION_FORMAT = dwarf;
				ENABLE_STRICT_OBJC_MSGSEND = YES;
				ENABLE_TESTABILITY = YES;
				ENABLE_USER_SCRIPT_SANDBOXING = YES;
				GCC_C_LANGUAGE_STANDARD = gnu17;
				GCC_DYNAMIC_NO_PIC = NO;
				GCC_NO_COMMON_BLOCKS = YES;
				GCC_OPTIMIZATION_LEVEL = 0;
				GCC_PREPROCESSOR_DEFINITIONS = (
					"DEBUG=1",
					"$(inherited)",
				);
				GCC_WARN_64_TO_32_BIT_CONVERSION = YES;
				GCC_WARN_ABOUT_RETURN_TYPE = YES_ERROR;
				GCC_WARN_UNDECLARED_SELECTOR = YES;
				GCC_WARN_UNINITIALIZED_AUTOS = YES_AGGRESSIVE;
				GCC_WARN_UNUSED_FUNCTION = YES;
				GCC_WARN_UNUSED_VARIABLE = YES;
				IPHONEOS_DEPLOYMENT_TARGET = 17.0;
				LOCALIZATION_PREFERS_STRING_CATALOGS = YES;
				MTL_ENABLE_DEBUG_INFO = INCLUDE_SOURCE;
				MTL_FAST_MATH = YES;
				ONLY_ACTIVE_ARCH = YES;
				SDKROOT = iphoneos;
				STRING_CATALOG_GENERATE_SYMBOLS = YES;
				SWIFT_ACTIVE_COMPILATION_CONDITIONS = "DEBUG $(inherited)";
				SWIFT_OPTIMIZATION_LEVEL = "-Onone";
			};
			name = Debug;
		};
		80000002 /* Release */ = {
			isa = XCBuildConfiguration;
			buildSettings = {
				ALWAYS_SEARCH_USER_PATHS = NO;
				ASSETCATALOG_COMPILER_GENERATE_SWIFT_ASSET_SYMBOL_EXTENSIONS = YES;
				CLANG_ANALYZER_NONNULL = YES;
				CLANG_ANALYZER_NUMBER_OBJECT_CONVERSION = YES_AGGRESSIVE;
				CLANG_CXX_LANGUAGE_STANDARD = "gnu++20";
				CLANG_ENABLE_MODULES = YES;
				CLANG_ENABLE_OBJC_ARC = YES;
				CLANG_ENABLE_OBJC_WEAK = YES;
				CLANG_WARN_BLOCK_CAPTURE_AUTORELEASING = YES;
				CLANG_WARN_BOOL_CONVERSION = YES;
				CLANG_WARN_COMMA = YES;
				CLANG_WARN_CONSTANT_CONVERSION = YES;
				CLANG_WARN_DEPRECATED_OBJC_IMPLEMENTATIONS = YES;
				CLANG_WARN_DIRECT_OBJC_ISA_USAGE = YES_ERROR;
				CLANG_WARN_DOCUMENTATION_COMMENTS = YES;
				CLANG_WARN_EMPTY_BODY = YES;
				CLANG_WARN_ENUM_CONVERSION = YES;
				CLANG_WARN_INFINITE_RECURSION = YES;
				CLANG_WARN_INT_CONVERSION = YES;
				CLANG_WARN_NON_LITERAL_NULL_CONVERSION = YES;
				CLANG_WARN_OBJC_IMPLICIT_RETAIN_SELF = YES;
				CLANG_WARN_OBJC_LITERAL_CONVERSION = YES;
				CLANG_WARN_OBJC_ROOT_CLASS = YES_ERROR;
				CLANG_WARN_QUOTED_INCLUDE_IN_FRAMEWORK_HEADER = YES;
				CLANG_WARN_RANGE_LOOP_ANALYSIS = YES;
				CLANG_WARN_STRICT_PROTOTYPES = YES;
				CLANG_WARN_SUSPICIOUS_MOVE = YES;
				CLANG_WARN_UNGUARDED_AVAILABILITY = YES_AGGRESSIVE;
				CLANG_WARN_UNREACHABLE_CODE = YES;
				CLANG_WARN__DUPLICATE_METHOD_MATCH = YES;
				COPY_PHASE_STRIP = NO;
				DEBUG_INFORMATION_FORMAT = "dwarf-with-dsym";
				ENABLE_NS_ASSERTIONS = NO;
				ENABLE_STRICT_OBJC_MSGSEND = YES;
				ENABLE_USER_SCRIPT_SANDBOXING = YES;
				GCC_C_LANGUAGE_STANDARD = gnu17;
				GCC_NO_COMMON_BLOCKS = YES;
				GCC_WARN_64_TO_32_BIT_CONVERSION = YES;
				GCC_WARN_ABOUT_RETURN_TYPE = YES_ERROR;
				GCC_WARN_UNDECLARED_SELECTOR = YES;
				GCC_WARN_UNINITIALIZED_AUTOS = YES_AGGRESSIVE;
				GCC_WARN_UNUSED_FUNCTION = YES;
				GCC_WARN_UNUSED_VARIABLE = YES;
				IPHONEOS_DEPLOYMENT_TARGET = 17.0;
				LOCALIZATION_PREFERS_STRING_CATALOGS = YES;
				MTL_ENABLE_DEBUG_INFO = NO;
				MTL_FAST_MATH = YES;
				SDKROOT = iphoneos;
				STRING_CATALOG_GENERATE_SYMBOLS = YES;
				SWIFT_COMPILATION_MODE = wholemodule;
				VALIDATE_PRODUCT = YES;
			};
			name = Release;
		};
		80000003 /* Debug */ = {
			isa = XCBuildConfiguration;
			buildSettings = {
				ASSETCATALOG_COMPILER_APPICON_NAME = AppIcon;
				ASSETCATALOG_COMPILER_GLOBAL_ACCENT_COLOR_NAME = AccentColor;
				CODE_SIGN_STYLE = Automatic;
				CURRENT_PROJECT_VERSION = 1;
				DEVELOPMENT_ASSET_PATHS = "";
				DEVELOPMENT_TEAM = 57NQ47JRP2;
				ENABLE_PREVIEWS = YES;
				GENERATE_INFOPLIST_FILE = YES;
				INFOPLIST_KEY_CFBundleDisplayName = GenieAI;
				INFOPLIST_KEY_LSApplicationCategoryType = "public.app-category.reference";
				INFOPLIST_KEY_UIApplicationSceneManifest_Generation = YES;
				INFOPLIST_KEY_UIApplicationSupportsIndirectInputEvents = YES;
				INFOPLIST_KEY_UILaunchScreen_Generation = YES;
				INFOPLIST_KEY_UISupportedInterfaceOrientations_iPad = "UIInterfaceOrientationPortrait UIInterfaceOrientationPortraitUpsideDown UIInterfaceOrientationLandscapeLeft UIInterfaceOrientationLandscapeRight";
				INFOPLIST_KEY_UISupportedInterfaceOrientations_iPhone = "UIInterfaceOrientationPortrait UIInterfaceOrientationLandscapeLeft UIInterfaceOrientationLandscapeRight";
				LD_RUNPATH_SEARCH_PATHS = (
					"$(inherited)",
					"@executable_path/Frameworks",
				);
				MARKETING_VERSION = 1.0;
				PRODUCT_BUNDLE_IDENTIFIER = int.itu.GenieAI;
				PRODUCT_NAME = "$(TARGET_NAME)";
				SWIFT_EMIT_LOC_STRINGS = YES;
				SWIFT_VERSION = 5.0;
				TARGETED_DEVICE_FAMILY = "1,2";
			};
			name = Debug;
		};
		80000004 /* Release */ = {
			isa = XCBuildConfiguration;
			buildSettings = {
				ASSETCATALOG_COMPILER_APPICON_NAME = AppIcon;
				ASSETCATALOG_COMPILER_GLOBAL_ACCENT_COLOR_NAME = AccentColor;
				CODE_SIGN_STYLE = Automatic;
				CURRENT_PROJECT_VERSION = 1;
				DEVELOPMENT_ASSET_PATHS = "";
				DEVELOPMENT_TEAM = 57NQ47JRP2;
				ENABLE_PREVIEWS = YES;
				GENERATE_INFOPLIST_FILE = YES;
				INFOPLIST_KEY_CFBundleDisplayName = GenieAI;
				INFOPLIST_KEY_LSApplicationCategoryType = "public.app-category.reference";
				INFOPLIST_KEY_UIApplicationSceneManifest_Generation = YES;
				INFOPLIST_KEY_UIApplicationSupportsIndirectInputEvents = YES;
				INFOPLIST_KEY_UILaunchScreen_Generation = YES;
				INFOPLIST_KEY_UISupportedInterfaceOrientations_iPad = "UIInterfaceOrientationPortrait UIInterfaceOrientationPortraitUpsideDown UIInterfaceOrientationLandscapeLeft UIInterfaceOrientationLandscapeRight";
				INFOPLIST_KEY_UISupportedInterfaceOrientations_iPhone = "UIInterfaceOrientationPortrait UIInterfaceOrientationLandscapeLeft UIInterfaceOrientationLandscapeRight";
				LD_RUNPATH_SEARCH_PATHS = (
					"$(inherited)",
					"@executable_path/Frameworks",
				);
				MARKETING_VERSION = 1.0;
				PRODUCT_BUNDLE_IDENTIFIER = int.itu.GenieAI;
				PRODUCT_NAME = "$(TARGET_NAME)";
				SWIFT_EMIT_LOC_STRINGS = YES;
				SWIFT_VERSION = 5.0;
				TARGETED_DEVICE_FAMILY = "1,2";
			};
			name = Release;
		};
/* End XCBuildConfiguration section */

/* Begin XCConfigurationList section */
		60000001 /* Build configuration list for PBXNativeTarget "GenieAI" */ = {
			isa = XCConfigurationList;
			buildConfigurations = (
				80000003 /* Debug */,
				80000004 /* Release */,
			);
			defaultConfigurationIsVisible = 0;
			defaultConfigurationName = Release;
		};
		60000002 /* Build configuration list for PBXProject "GenieAI" */ = {
			isa = XCConfigurationList;
			buildConfigurations = (
				80000001 /* Debug */,
				80000002 /* Release */,
			);
			defaultConfigurationIsVisible = 0;
			defaultConfigurationName = Release;
		};
/* End XCConfigurationList section */
	};
	rootObject = 70000001 /* Project object */;
}
