{
  "originHash" : "de5aef9ca7ebf5688f9c293ff1405e1982d8a7a42db840306bbba174ae014e6b",
  "pins" : [
    {
      "identity" : "llama.swift",
      "kind" : "remoteSourceControl",
      "location" : "https://github.com/mattt/llama.swift",
      "state" : {
        "revision" : "c1b1a696a3a4575471e8b83165b77080f2491abb",
        "version" : "2.9128.0"
      }
    }
  ],
  "version" : 3
}
